// !$*UTF8*$!
{
	archiveVersion = 1;
	classes = {
	};
	objectVersion = 56;
	objects = {

/* Begin PBXBuildFile section */
		A62069F129047935000135C4 /* handputApp.swift in Sources */ = {isa = PBXBuildFile; fileRef = A62069F029047935000135C4 /* handputApp.swift */; };
		A62069F329047935000135C4 /* ContentView.swift in Sources */ = {isa = PBXBuildFile; fileRef = A62069F229047935000135C4 /* ContentView.swift */; };
		A62069F529047936000135C4 /* Assets.xcassets in Resources */ = {isa = PBXBuildFile; fileRef = A62069F429047936000135C4 /* Assets.xcassets */; };
		A62069F829047936000135C4 /* Preview Assets.xcassets in Resources */ = {isa = PBXBuildFile; fileRef = A62069F729047936000135C4 /* Preview Assets.xcassets */; };
		A6206A02290479F4000135C4 /* HomeView.swift in Sources */ = {isa = PBXBuildFile; fileRef = A6206A01290479F4000135C4 /* HomeView.swift */; };
		A6206A0429047E5F000135C4 /* AboutView.swift in Sources */ = {isa = PBXBuildFile; fileRef = A6206A0329047E5F000135C4 /* AboutView.swift */; };
		A6206A0629047E8D000135C4 /* ScanningView.swift in Sources */ = {isa = PBXBuildFile; fileRef = A6206A0529047E8D000135C4 /* ScanningView.swift */; };
		A6206A0929047FA6000135C4 /* ScanningInfoView.swift in Sources */ = {isa = PBXBuildFile; fileRef = A6206A0829047FA6000135C4 /* ScanningInfoView.swift */; };
		A6206A0C29048056000135C4 /* Buttons.swift in Sources */ = {isa = PBXBuildFile; fileRef = A6206A0B29048056000135C4 /* Buttons.swift */; };
		A6206A0E2904836B000135C4 /* CameraModel.swift in Sources */ = {isa = PBXBuildFile; fileRef = A6206A0D2904836B000135C4 /* CameraModel.swift */; };
		A6206A102904838F000135C4 /* CameraPreview.swift in Sources */ = {isa = PBXBuildFile; fileRef = A6206A0F2904838F000135C4 /* CameraPreview.swift */; };
		A6206A12290484AD000135C4 /* MyHandPoseClassifier 1.mlmodel in Sources */ = {isa = PBXBuildFile; fileRef = A6206A11290484AD000135C4 /* MyHandPoseClassifier 1.mlmodel */; };
/* End PBXBuildFile section */

/* Begin PBXFileReference section */
		A62069ED29047935000135C4 /* handput.app */ = {isa = PBXFileReference; explicitFileType = wrapper.application; includeInIndex = 0; path = handput.app; sourceTree = BUILT_PRODUCTS_DIR; };
		A62069F029047935000135C4 /* handputApp.swift */ = {isa = PBXFileReference; lastKnownFileType = sourcecode.swift; path = handputApp.swift; sourceTree = "<group>"; };
		A62069F229047935000135C4 /* ContentView.swift */ = {isa = PBXFileReference; lastKnownFileType = sourcecode.swift; path = ContentView.swift; sourceTree = "<group>"; };
		A62069F429047936000135C4 /* Assets.xcassets */ = {isa = PBXFileReference; lastKnownFileType = folder.assetcatalog; path = Assets.xcassets; sourceTree = "<group>"; };
		A62069F729047936000135C4 /* Preview Assets.xcassets */ = {isa = PBXFileReference; lastKnownFileType = folder.assetcatalog; path = "Preview Assets.xcassets"; sourceTree = "<group>"; };
		A6206A01290479F4000135C4 /* HomeView.swift */ = {isa = PBXFileReference; lastKnownFileType = sourcecode.swift; path = HomeView.swift; sourceTree = "<group>"; };
		A6206A0329047E5F000135C4 /* AboutView.swift */ = {isa = PBXFileReference; lastKnownFileType = sourcecode.swift; path = AboutView.swift; sourceTree = "<group>"; };
		A6206A0529047E8D000135C4 /* ScanningView.swift */ = {isa = PBXFileReference; lastKnownFileType = sourcecode.swift; path = ScanningView.swift; sourceTree = "<group>"; };
		A6206A0829047FA6000135C4 /* ScanningInfoView.swift */ = {isa = PBXFileReference; lastKnownFileType = sourcecode.swift; path = ScanningInfoView.swift; sourceTree = "<group>"; };
		A6206A0B29048056000135C4 /* Buttons.swift */ = {isa = PBXFileReference; lastKnownFileType = sourcecode.swift; path = Buttons.swift; sourceTree = "<group>"; };
		A6206A0D2904836B000135C4 /* CameraModel.swift */ = {isa = PBXFileReference; lastKnownFileType = sourcecode.swift; path = CameraModel.swift; sourceTree = "<group>"; };
		A6206A0F2904838F000135C4 /* CameraPreview.swift */ = {isa = PBXFileReference; lastKnownFileType = sourcecode.swift; path = CameraPreview.swift; sourceTree = "<group>"; };
		A6206A11290484AD000135C4 /* MyHandPoseClassifier 1.mlmodel */ = {isa = PBXFileReference; lastKnownFileType = file.mlmodel; path = "MyHandPoseClassifier 1.mlmodel"; sourceTree = "<group>"; };
/* End PBXFileReference section */

/* Begin PBXFrameworksBuildPhase section */
		A62069EA29047935000135C4 /* Frameworks */ = {
			isa = PBXFrameworksBuildPhase;
			buildActionMask = 2147483647;
			files = (
			);
			runOnlyForDeploymentPostprocessing = 0;
		};
/* End PBXFrameworksBuildPhase section */

/* Begin PBXGroup section */
		A62069E429047935000135C4 = {
			isa = PBXGroup;
			children = (
				A62069EF29047935000135C4 /* handput */,
				A62069EE29047935000135C4 /* Products */,
			);
			sourceTree = "<group>";
		};
		A62069EE29047935000135C4 /* Products */ = {
			isa = PBXGroup;
			children = (
				A62069ED29047935000135C4 /* handput.app */,
			);
			name = Products;
			sourceTree = "<group>";
		};
		A62069EF29047935000135C4 /* handput */ = {
			isa = PBXGroup;
			children = (
				A62069F029047935000135C4 /* handputApp.swift */,
				A62069F229047935000135C4 /* ContentView.swift */,
				A6206A00290479DF000135C4 /* Logic */,
				A6206A13290484B1000135C4 /* ML */,
				A62069FF290479D1000135C4 /* Models */,
				A62069FE290479CC000135C4 /* Views */,
				A6206A0A29048047000135C4 /* Components */,
				A6206A0729047ED1000135C4 /* UIViews */,
				A62069F429047936000135C4 /* Assets.xcassets */,
				A62069F629047936000135C4 /* Preview Content */,
			);
			path = handput;
			sourceTree = "<group>";
		};
		A62069F629047936000135C4 /* Preview Content */ = {
			isa = PBXGroup;
			children = (
				A62069F729047936000135C4 /* Preview Assets.xcassets */,
			);
			path = "Preview Content";
			sourceTree = "<group>";
		};
		A62069FE290479CC000135C4 /* Views */ = {
			isa = PBXGroup;
			children = (
				A6206A01290479F4000135C4 /* HomeView.swift */,
				A6206A0329047E5F000135C4 /* AboutView.swift */,
				A6206A0529047E8D000135C4 /* ScanningView.swift */,
				A6206A0829047FA6000135C4 /* ScanningInfoView.swift */,
			);
			path = Views;
			sourceTree = "<group>";
		};
		A62069FF290479D1000135C4 /* Models */ = {
			isa = PBXGroup;
			children = (
				A6206A0D2904836B000135C4 /* CameraModel.swift */,
			);
			path = Models;
			sourceTree = "<group>";
		};
		A6206A00290479DF000135C4 /* Logic */ = {
			isa = PBXGroup;
			children = (
			);
			path = Logic;
			sourceTree = "<group>";
		};
		A6206A0729047ED1000135C4 /* UIViews */ = {
			isa = PBXGroup;
			children = (
				A6206A0F2904838F000135C4 /* CameraPreview.swift */,
			);
			path = UIViews;
			sourceTree = "<group>";
		};
		A6206A0A29048047000135C4 /* Components */ = {
			isa = PBXGroup;
			children = (
				A6206A0B29048056000135C4 /* Buttons.swift */,
			);
			path = Components;
			sourceTree = "<group>";
		};
		A6206A13290484B1000135C4 /* ML */ = {
			isa = PBXGroup;
			children = (
				A6206A11290484AD000135C4 /* MyHandPoseClassifier 1.mlmodel */,
			);
			path = ML;
			sourceTree = "<group>";
		};
/* End PBXGroup section */

/* Begin PBXNativeTarget section */
		A62069EC29047935000135C4 /* handput */ = {
			isa = PBXNativeTarget;
			buildConfigurationList = A62069FB29047936000135C4 /* Build configuration list for PBXNativeTarget "handput" */;
			buildPhases = (
				A62069E929047935000135C4 /* Sources */,
				A62069EA29047935000135C4 /* Frameworks */,
				A62069EB29047935000135C4 /* Resources */,
			);
			buildRules = (
			);
			dependencies = (
			);
			name = handput;
			productName = handput;
			productReference = A62069ED29047935000135C4 /* handput.app */;
			productType = "com.apple.product-type.application";
		};
/* End PBXNativeTarget section */

/* Begin PBXProject section */
		A62069E529047935000135C4 /* Project object */ = {
			isa = PBXProject;
			attributes = {
				BuildIndependentTargetsInParallel = 1;
				LastSwiftUpdateCheck = 1410;
				LastUpgradeCheck = 1410;
				TargetAttributes = {
					A62069EC29047935000135C4 = {
						CreatedOnToolsVersion = 14.1;
					};
				};
			};
			buildConfigurationList = A62069E829047935000135C4 /* Build configuration list for PBXProject "handput" */;
			compatibilityVersion = "Xcode 14.0";
			developmentRegion = en;
			hasScannedForEncodings = 0;
			knownRegions = (
				en,
				Base,
			);
			mainGroup = A62069E429047935000135C4;
			productRefGroup = A62069EE29047935000135C4 /* Products */;
			projectDirPath = "";
			projectRoot = "";
			targets = (
				A62069EC29047935000135C4 /* handput */,
			);
		};
/* End PBXProject section */

/* Begin PBXResourcesBuildPhase section */
		A62069EB29047935000135C4 /* Resources */ = {
			isa = PBXResourcesBuildPhase;
			buildActionMask = 2147483647;
			files = (
				A62069F829047936000135C4 /* Preview Assets.xcassets in Resources */,
				A62069F529047936000135C4 /* Assets.xcassets in Resources */,
			);
			runOnlyForDeploymentPostprocessing = 0;
		};
/* End PBXResourcesBuildPhase section */

/* Begin PBXSourcesBuildPhase section */
		A62069E929047935000135C4 /* Sources */ = {
			isa = PBXSourcesBuildPhase;
			buildActionMask = 2147483647;
			files = (
				A6206A0C29048056000135C4 /* Buttons.swift in Sources */,
				A6206A0629047E8D000135C4 /* ScanningView.swift in Sources */,
				A6206A12290484AD000135C4 /* MyHandPoseClassifier 1.mlmodel in Sources */,
				A6206A0429047E5F000135C4 /* AboutView.swift in Sources */,
				A6206A102904838F000135C4 /* CameraPreview.swift in Sources */,
				A6206A02290479F4000135C4 /* HomeView.swift in Sources */,
				A6206A0929047FA6000135C4 /* ScanningInfoView.swift in Sources */,
				A62069F329047935000135C4 /* ContentView.swift in Sources */,
				A6206A0E2904836B000135C4 /* CameraModel.swift in Sources */,
				A62069F129047935000135C4 /* handputApp.swift in Sources */,
			);
			runOnlyForDeploymentPostprocessing = 0;
		};
/* End PBXSourcesBuildPhase section */

/* Begin XCBuildConfiguration section */
		A62069F929047936000135C4 /* Debug */ = {
			isa = XCBuildConfiguration;
			buildSettings = {
				ALWAYS_SEARCH_USER_PATHS = NO;
				CLANG_ANALYZER_NONNULL = YES;
				CLANG_ANALYZER_NUMBER_OBJECT_CONVERSION = YES_AGGRESSIVE;
				CLANG_CXX_LANGUAGE_STANDARD = "gnu++20";
				CLANG_ENABLE_MODULES = YES;
				CLANG_ENABLE_OBJC_ARC = YES;
				CLANG_ENABLE_OBJC_WEAK = YES;
				CLANG_WARN_BLOCK_CAPTURE_AUTORELEASING = YES;
				CLANG_WARN_BOOL_CONVERSION = YES;
				CLANG_WARN_COMMA = YES;
				CLANG_WARN_CONSTANT_CONVERSION = YES;
				CLANG_WARN_DEPRECATED_OBJC_IMPLEMENTATIONS = YES;
				CLANG_WARN_DIRECT_OBJC_ISA_USAGE = YES_ERROR;
				CLANG_WARN_DOCUMENTATION_COMMENTS = YES;
				CLANG_WARN_EMPTY_BODY = YES;
				CLANG_WARN_ENUM_CONVERSION = YES;
				CLANG_WARN_INFINITE_RECURSION = YES;
				CLANG_WARN_INT_CONVERSION = YES;
				CLANG_WARN_NON_LITERAL_NULL_CONVERSION = YES;
				CLANG_WARN_OBJC_IMPLICIT_RETAIN_SELF = YES;
				CLANG_WARN_OBJC_LITERAL_CONVERSION = YES;
				CLANG_WARN_OBJC_ROOT_CLASS = YES_ERROR;
				CLANG_WARN_QUOTED_INCLUDE_IN_FRAMEWORK_HEADER = YES;
				CLANG_WARN_RANGE_LOOP_ANALYSIS = YES;
				CLANG_WARN_STRICT_PROTOTYPES = YES;
				CLANG_WARN_SUSPICIOUS_MOVE = YES;
				CLANG_WARN_UNGUARDED_AVAILABILITY = YES_AGGRESSIVE;
				CLANG_WARN_UNREACHABLE_CODE = YES;
				CLANG_WARN__DUPLICATE_METHOD_MATCH = YES;
				COPY_PHASE_STRIP = NO;
				DEBUG_INFORMATION_FORMAT = dwarf;
				ENABLE_STRICT_OBJC_MSGSEND = YES;
				ENABLE_TESTABILITY = YES;
				GCC_C_LANGUAGE_STANDARD = gnu11;
				GCC_DYNAMIC_NO_PIC = NO;
				GCC_NO_COMMON_BLOCKS = YES;
				GCC_OPTIMIZATION_LEVEL = 0;
				GCC_PREPROCESSOR_DEFINITIONS = (
					"DEBUG=1",
					"$(inherited)",
				);
				GCC_WARN_64_TO_32_BIT_CONVERSION = YES;
				GCC_WARN_ABOUT_RETURN_TYPE = YES_ERROR;
				GCC_WARN_UNDECLARED_SELECTOR = YES;
				GCC_WARN_UNINITIALIZED_AUTOS = YES_AGGRESSIVE;
				GCC_WARN_UNUSED_FUNCTION = YES;
				GCC_WARN_UNUSED_VARIABLE = YES;
				IPHONEOS_DEPLOYMENT_TARGET = 16.1;
				MTL_ENABLE_DEBUG_INFO = INCLUDE_SOURCE;
				MTL_FAST_MATH = YES;
				ONLY_ACTIVE_ARCH = YES;
				SDKROOT = iphoneos;
				SWIFT_ACTIVE_COMPILATION_CONDITIONS = DEBUG;
				SWIFT_OPTIMIZATION_LEVEL = "-Onone";
			};
			name = Debug;
		};
		A62069FA29047936000135C4 /* Release */ = {
			isa = XCBuildConfiguration;
			buildSettings = {
				ALWAYS_SEARCH_USER_PATHS = NO;
				CLANG_ANALYZER_NONNULL = YES;
				CLANG_ANALYZER_NUMBER_OBJECT_CONVERSION = YES_AGGRESSIVE;
				CLANG_CXX_LANGUAGE_STANDARD = "gnu++20";
				CLANG_ENABLE_MODULES = YES;
				CLANG_ENABLE_OBJC_ARC = YES;
				CLANG_ENABLE_OBJC_WEAK = YES;
				CLANG_WARN_BLOCK_CAPTURE_AUTORELEASING = YES;
				CLANG_WARN_BOOL_CONVERSION = YES;
				CLANG_WARN_COMMA = YES;
				CLANG_WARN_CONSTANT_CONVERSION = YES;
				CLANG_WARN_DEPRECATED_OBJC_IMPLEMENTATIONS = YES;
				CLANG_WARN_DIRECT_OBJC_ISA_USAGE = YES_ERROR;
				CLANG_WARN_DOCUMENTATION_COMMENTS = YES;
				CLANG_WARN_EMPTY_BODY = YES;
				CLANG_WARN_ENUM_CONVERSION = YES;
				CLANG_WARN_INFINITE_RECURSION = YES;
				CLANG_WARN_INT_CONVERSION = YES;
				CLANG_WARN_NON_LITERAL_NULL_CONVERSION = YES;
				CLANG_WARN_OBJC_IMPLICIT_RETAIN_SELF = YES;
				CLANG_WARN_OBJC_LITERAL_CONVERSION = YES;
				CLANG_WARN_OBJC_ROOT_CLASS = YES_ERROR;
				CLANG_WARN_QUOTED_INCLUDE_IN_FRAMEWORK_HEADER = YES;
				CLANG_WARN_RANGE_LOOP_ANALYSIS = YES;
				CLANG_WARN_STRICT_PROTOTYPES = YES;
				CLANG_WARN_SUSPICIOUS_MOVE = YES;
				CLANG_WARN_UNGUARDED_AVAILABILITY = YES_AGGRESSIVE;
				CLANG_WARN_UNREACHABLE_CODE = YES;
				CLANG_WARN__DUPLICATE_METHOD_MATCH = YES;
				COPY_PHASE_STRIP = NO;
				DEBUG_INFORMATION_FORMAT = "dwarf-with-dsym";
				ENABLE_NS_ASSERTIONS = NO;
				ENABLE_STRICT_OBJC_MSGSEND = YES;
				GCC_C_LANGUAGE_STANDARD = gnu11;
				GCC_NO_COMMON_BLOCKS = YES;
				GCC_WARN_64_TO_32_BIT_CONVERSION = YES;
				GCC_WARN_ABOUT_RETURN_TYPE = YES_ERROR;
				GCC_WARN_UNDECLARED_SELECTOR = YES;
				GCC_WARN_UNINITIALIZED_AUTOS = YES_AGGRESSIVE;
				GCC_WARN_UNUSED_FUNCTION = YES;
				GCC_WARN_UNUSED_VARIABLE = YES;
				IPHONEOS_DEPLOYMENT_TARGET = 16.1;
				MTL_ENABLE_DEBUG_INFO = NO;
				MTL_FAST_MATH = YES;
				SDKROOT = iphoneos;
				SWIFT_COMPILATION_MODE = wholemodule;
				SWIFT_OPTIMIZATION_LEVEL = "-O";
				VALIDATE_PRODUCT = YES;
			};
			name = Release;
		};
		A62069FC29047936000135C4 /* Debug */ = {
			isa = XCBuildConfiguration;
			buildSettings = {
				ASSETCATALOG_COMPILER_APPICON_NAME = AppIcon;
				ASSETCATALOG_COMPILER_GLOBAL_ACCENT_COLOR_NAME = AccentColor;
				CODE_SIGN_STYLE = Automatic;
				CURRENT_PROJECT_VERSION = 1;
				DEVELOPMENT_ASSET_PATHS = "\"handput/Preview Content\"";
				DEVELOPMENT_TEAM = 43A35F7GKU;
				ENABLE_PREVIEWS = YES;
				GENERATE_INFOPLIST_FILE = YES;
				INFOPLIST_KEY_NSCameraUsageDescription = "handput uses your camera for hand detection.";
				INFOPLIST_KEY_UIApplicationSceneManifest_Generation = YES;
				INFOPLIST_KEY_UIApplicationSupportsIndirectInputEvents = YES;
				INFOPLIST_KEY_UILaunchScreen_Generation = YES;
				INFOPLIST_KEY_UISupportedInterfaceOrientations = UIInterfaceOrientationPortrait;
				INFOPLIST_KEY_UISupportedInterfaceOrientations_iPad = "UIInterfaceOrientationLandscapeLeft UIInterfaceOrientationLandscapeRight UIInterfaceOrientationPortrait UIInterfaceOrientationPortraitUpsideDown";
				IPHONEOS_DEPLOYMENT_TARGET = 16.0;
				LD_RUNPATH_SEARCH_PATHS = (
					"$(inherited)",
					"@executable_path/Frameworks",
				);
				MARKETING_VERSION = 1.0;
				PRODUCT_BUNDLE_IDENTIFIER = space.rtsh.handput;
				PRODUCT_NAME = "$(TARGET_NAME)";
				SWIFT_EMIT_LOC_STRINGS = YES;
				SWIFT_VERSION = 5.0;
				TARGETED_DEVICE_FAMILY = "1,2";
			};
			name = Debug;
		};
		A62069FD29047936000135C4 /* Release */ = {
			isa = XCBuildConfiguration;
			buildSettings = {
				ASSETCATALOG_COMPILER_APPICON_NAME = AppIcon;
				ASSETCATALOG_COMPILER_GLOBAL_ACCENT_COLOR_NAME = AccentColor;
				CODE_SIGN_STYLE = Automatic;
				CURRENT_PROJECT_VERSION = 1;
				DEVELOPMENT_ASSET_PATHS = "\"handput/Preview Content\"";
				DEVELOPMENT_TEAM = 43A35F7GKU;
				ENABLE_PREVIEWS = YES;
				GENERATE_INFOPLIST_FILE = YES;
				INFOPLIST_KEY_NSCameraUsageDescription = "handput uses your camera for hand detection.";
				INFOPLIST_KEY_UIApplicationSceneManifest_Generation = YES;
				INFOPLIST_KEY_UIApplicationSupportsIndirectInputEvents = YES;
				INFOPLIST_KEY_UILaunchScreen_Generation = YES;
				INFOPLIST_KEY_UISupportedInterfaceOrientations = UIInterfaceOrientationPortrait;
				INFOPLIST_KEY_UISupportedInterfaceOrientations_iPad = "UIInterfaceOrientationLandscapeLeft UIInterfaceOrientationLandscapeRight UIInterfaceOrientationPortrait UIInterfaceOrientationPortraitUpsideDown";
				IPHONEOS_DEPLOYMENT_TARGET = 16.0;
				LD_RUNPATH_SEARCH_PATHS = (
					"$(inherited)",
					"@executable_path/Frameworks",
				);
				MARKETING_VERSION = 1.0;
				PRODUCT_BUNDLE_IDENTIFIER = space.rtsh.handput;
				PRODUCT_NAME = "$(TARGET_NAME)";
				SWIFT_EMIT_LOC_STRINGS = YES;
				SWIFT_VERSION = 5.0;
				TARGETED_DEVICE_FAMILY = "1,2";
			};
			name = Release;
		};
/* End XCBuildConfiguration section */

/* Begin XCConfigurationList section */
		A62069E829047935000135C4 /* Build configuration list for PBXProject "handput" */ = {
			isa = XCConfigurationList;
			buildConfigurations = (
				A62069F929047936000135C4 /* Debug */,
				A62069FA29047936000135C4 /* Release */,
			);
			defaultConfigurationIsVisible = 0;
			defaultConfigurationName = Release;
		};
		A62069FB29047936000135C4 /* Build configuration list for PBXNativeTarget "handput" */ = {
			isa = XCConfigurationList;
			buildConfigurations = (
				A62069FC29047936000135C4 /* Debug */,
				A62069FD29047936000135C4 /* Release */,
			);
			defaultConfigurationIsVisible = 0;
			defaultConfigurationName = Release;
		};
/* End XCConfigurationList section */
	};
	rootObject = A62069E529047935000135C4 /* Project object */;
}
